
Microsoft Visual Studio Solution File, Format Version 12.00
# Visual Studio Version 16
VisualStudioVersion = 16.0.30907.101
MinimumVisualStudioVersion = 10.0.40219.1
Project("{FAE04EC0-301F-11D3-BF4B-00C04F79EFBC}") = "CafeLib", "CafeLib.csproj", "{A8B63D6C-BD3B-4215-A993-E47E69F32487}"
EndProject
Global
	GlobalSection(SolutionConfigurationPlatforms) = preSolution
		Debug|Any CPU = Debug|Any CPU
		Release|Any CPU = Release|Any CPU
	EndGlobalSection
	GlobalSection(ProjectConfigurationPlatforms) = postSolution
		{A8B63D6C-BD3B-4215-A993-E47E69F32487}.Debug|Any CPU.ActiveCfg = Debug|Any CPU
		{A8B63D6C-BD3B-4215-A993-E47E69F32487}.Debug|Any CPU.Build.0 = Debug|Any CPU
		{A8B63D6C-BD3B-4215-A993-E47E69F32487}.Release|Any CPU.ActiveCfg = Release|Any CPU
		{A8B63D6C-BD3B-4215-A993-E47E69F32487}.Release|Any CPU.Build.0 = Release|Any CPU
	EndGlobalSection
	GlobalSection(SolutionProperties) = preSolution
		HideSolutionNode = FALSE
	EndGlobalSection
	GlobalSection(ExtensibilityGlobals) = postSolution
		SolutionGuid = {2E8F9BA2-A0C5-4764-9C9A-344818B4A1B1}
	EndGlobalSection
EndGlobal
