
Microsoft Visual Studio Solution File, Format Version 12.00
# Visual Studio Version 16
VisualStudioVersion = 16.0.30907.101
MinimumVisualStudioVersion = 10.0.40219.1
Project("{FAE04EC0-301F-11D3-BF4B-00C04F79EFBC}") = "vehicles", "vehicles.csproj", "{4EA6DF9E-94FA-4C0A-A95D-7B6578F59BFD}"
EndProject
Global
	GlobalSection(SolutionConfigurationPlatforms) = preSolution
		Debug|Any CPU = Debug|Any CPU
		Release|Any CPU = Release|Any CPU
	EndGlobalSection
	GlobalSection(ProjectConfigurationPlatforms) = postSolution
		{4EA6DF9E-94FA-4C0A-A95D-7B6578F59BFD}.Debug|Any CPU.ActiveCfg = Debug|Any CPU
		{4EA6DF9E-94FA-4C0A-A95D-7B6578F59BFD}.Debug|Any CPU.Build.0 = Debug|Any CPU
		{4EA6DF9E-94FA-4C0A-A95D-7B6578F59BFD}.Release|Any CPU.ActiveCfg = Release|Any CPU
		{4EA6DF9E-94FA-4C0A-A95D-7B6578F59BFD}.Release|Any CPU.Build.0 = Release|Any CPU
	EndGlobalSection
	GlobalSection(SolutionProperties) = preSolution
		HideSolutionNode = FALSE
	EndGlobalSection
	GlobalSection(ExtensibilityGlobals) = postSolution
		SolutionGuid = {6D279AB9-1C04-4B87-9078-916A61EA34C6}
	EndGlobalSection
EndGlobal
