
Microsoft Visual Studio Solution File, Format Version 12.00
# Visual Studio Version 16
VisualStudioVersion = 16.0.30907.101
MinimumVisualStudioVersion = 10.0.40219.1
Project("{FAE04EC0-301F-11D3-BF4B-00C04F79EFBC}") = "ClassCopy", "ClassCopy.csproj", "{3D3126CE-C889-43A7-BEBA-F6E8853334DC}"
EndProject
Global
	GlobalSection(SolutionConfigurationPlatforms) = preSolution
		Debug|Any CPU = Debug|Any CPU
		Release|Any CPU = Release|Any CPU
	EndGlobalSection
	GlobalSection(ProjectConfigurationPlatforms) = postSolution
		{3D3126CE-C889-43A7-BEBA-F6E8853334DC}.Debug|Any CPU.ActiveCfg = Debug|Any CPU
		{3D3126CE-C889-43A7-BEBA-F6E8853334DC}.Debug|Any CPU.Build.0 = Debug|Any CPU
		{3D3126CE-C889-43A7-BEBA-F6E8853334DC}.Release|Any CPU.ActiveCfg = Release|Any CPU
		{3D3126CE-C889-43A7-BEBA-F6E8853334DC}.Release|Any CPU.Build.0 = Release|Any CPU
	EndGlobalSection
	GlobalSection(SolutionProperties) = preSolution
		HideSolutionNode = FALSE
	EndGlobalSection
	GlobalSection(ExtensibilityGlobals) = postSolution
		SolutionGuid = {628B39AC-07B5-4906-897A-EADA59015391}
	EndGlobalSection
EndGlobal
