
Microsoft Visual Studio Solution File, Format Version 12.00
# Visual Studio Version 16
VisualStudioVersion = 16.0.30907.101
MinimumVisualStudioVersion = 10.0.40219.1
Project("{FAE04EC0-301F-11D3-BF4B-00C04F79EFBC}") = "CourseLib", "CourseLib.csproj", "{141EF8EC-8929-41AD-A3F8-CE9237BB2B8F}"
EndProject
Global
	GlobalSection(SolutionConfigurationPlatforms) = preSolution
		Debug|Any CPU = Debug|Any CPU
		Release|Any CPU = Release|Any CPU
	EndGlobalSection
	GlobalSection(ProjectConfigurationPlatforms) = postSolution
		{141EF8EC-8929-41AD-A3F8-CE9237BB2B8F}.Debug|Any CPU.ActiveCfg = Debug|Any CPU
		{141EF8EC-8929-41AD-A3F8-CE9237BB2B8F}.Debug|Any CPU.Build.0 = Debug|Any CPU
		{141EF8EC-8929-41AD-A3F8-CE9237BB2B8F}.Release|Any CPU.ActiveCfg = Release|Any CPU
		{141EF8EC-8929-41AD-A3F8-CE9237BB2B8F}.Release|Any CPU.Build.0 = Release|Any CPU
	EndGlobalSection
	GlobalSection(SolutionProperties) = preSolution
		HideSolutionNode = FALSE
	EndGlobalSection
	GlobalSection(ExtensibilityGlobals) = postSolution
		SolutionGuid = {275871D7-0AD3-4009-A241-BAD0E87C8CC3}
	EndGlobalSection
EndGlobal
