
Microsoft Visual Studio Solution File, Format Version 12.00
# Visual Studio Version 16
VisualStudioVersion = 16.0.30907.101
MinimumVisualStudioVersion = 10.0.40219.1
Project("{FAE04EC0-301F-11D3-BF4B-00C04F79EFBC}") = "UT1 Question3", "UT1 Question3.csproj", "{A9601A34-5DA7-4920-97AF-42254F37546D}"
EndProject
Global
	GlobalSection(SolutionConfigurationPlatforms) = preSolution
		Debug|Any CPU = Debug|Any CPU
		Release|Any CPU = Release|Any CPU
	EndGlobalSection
	GlobalSection(ProjectConfigurationPlatforms) = postSolution
		{A9601A34-5DA7-4920-97AF-42254F37546D}.Debug|Any CPU.ActiveCfg = Debug|Any CPU
		{A9601A34-5DA7-4920-97AF-42254F37546D}.Debug|Any CPU.Build.0 = Debug|Any CPU
		{A9601A34-5DA7-4920-97AF-42254F37546D}.Release|Any CPU.ActiveCfg = Release|Any CPU
		{A9601A34-5DA7-4920-97AF-42254F37546D}.Release|Any CPU.Build.0 = Release|Any CPU
	EndGlobalSection
	GlobalSection(SolutionProperties) = preSolution
		HideSolutionNode = FALSE
	EndGlobalSection
	GlobalSection(ExtensibilityGlobals) = postSolution
		SolutionGuid = {42D012F8-C56B-44DA-B5FB-32E9D424686D}
	EndGlobalSection
EndGlobal
