
Microsoft Visual Studio Solution File, Format Version 12.00
# Visual Studio Version 16
VisualStudioVersion = 16.0.30907.101
MinimumVisualStudioVersion = 10.0.40219.1
Project("{FAE04EC0-301F-11D3-BF4B-00C04F79EFBC}") = "3Questions UT1", "3Questions UT1.csproj", "{F2A753DB-4908-48E7-939A-C705FD612B9E}"
EndProject
Global
	GlobalSection(SolutionConfigurationPlatforms) = preSolution
		Debug|Any CPU = Debug|Any CPU
		Release|Any CPU = Release|Any CPU
	EndGlobalSection
	GlobalSection(ProjectConfigurationPlatforms) = postSolution
		{F2A753DB-4908-48E7-939A-C705FD612B9E}.Debug|Any CPU.ActiveCfg = Debug|Any CPU
		{F2A753DB-4908-48E7-939A-C705FD612B9E}.Debug|Any CPU.Build.0 = Debug|Any CPU
		{F2A753DB-4908-48E7-939A-C705FD612B9E}.Release|Any CPU.ActiveCfg = Release|Any CPU
		{F2A753DB-4908-48E7-939A-C705FD612B9E}.Release|Any CPU.Build.0 = Release|Any CPU
	EndGlobalSection
	GlobalSection(SolutionProperties) = preSolution
		HideSolutionNode = FALSE
	EndGlobalSection
	GlobalSection(ExtensibilityGlobals) = postSolution
		SolutionGuid = {90071CE9-8C0F-44E4-94B6-8BAF51042FE9}
	EndGlobalSection
EndGlobal
