
Microsoft Visual Studio Solution File, Format Version 12.00
# Visual Studio Version 16
VisualStudioVersion = 16.0.30907.101
MinimumVisualStudioVersion = 10.0.40219.1
Project("{FAE04EC0-301F-11D3-BF4B-00C04F79EFBC}") = "PE4", "PE4.csproj", "{FEA1C65E-F9A1-441E-AC0A-FF7C1331C4CF}"
EndProject
Global
	GlobalSection(SolutionConfigurationPlatforms) = preSolution
		Debug|Any CPU = Debug|Any CPU
		Release|Any CPU = Release|Any CPU
	EndGlobalSection
	GlobalSection(ProjectConfigurationPlatforms) = postSolution
		{FEA1C65E-F9A1-441E-AC0A-FF7C1331C4CF}.Debug|Any CPU.ActiveCfg = Debug|Any CPU
		{FEA1C65E-F9A1-441E-AC0A-FF7C1331C4CF}.Debug|Any CPU.Build.0 = Debug|Any CPU
		{FEA1C65E-F9A1-441E-AC0A-FF7C1331C4CF}.Release|Any CPU.ActiveCfg = Release|Any CPU
		{FEA1C65E-F9A1-441E-AC0A-FF7C1331C4CF}.Release|Any CPU.Build.0 = Release|Any CPU
	EndGlobalSection
	GlobalSection(SolutionProperties) = preSolution
		HideSolutionNode = FALSE
	EndGlobalSection
	GlobalSection(ExtensibilityGlobals) = postSolution
		SolutionGuid = {BA41885D-1CE5-4F4A-9DAB-630A62F902C6}
	EndGlobalSection
EndGlobal
